{
  "name": "wayland-shm",
  "version": "1.0.0",
  "lockfileVersion": 3,
  "requires": true,
  "packages": {
    "": {
      "name": "wayland-shm",
      "version": "1.0.0",
      "license": "ISC",
      "dependencies": {
        "wayland-client": "^1.0.0"
      }
    },
    "node_modules/sax": {
      "version": "1.3.0",
      "resolved": "https://registry.npmjs.org/sax/-/sax-1.3.0.tgz",
      "integrity": "sha512-0s+oAmw9zLl1V1cS9BtZN7JAd0cW5e0QH4W3LWEK6a4LaLEA2OTpGYWDY+6XasBLtz6wkm3u1xRw95mRuJ59WA==",
      "optional": true
    },
    "node_modules/wayland-client": {
      "version": "1.0.0",
      "resolved": "https://registry.npmjs.org/wayland-client/-/wayland-client-1.0.0.tgz",
      "integrity": "sha512-X/KMBIkQXRWeZI9kt83A0514h3VwfTS6aJ+3VoLZnD/i4pxFlEV38alWdASLgfW2GFr/SyX5jGhbEoIAWoYLJA==",
      "bin": {
        "convert-xml": "convert.js"
      },
      "engines": {
        "node": ">=16"
      },
      "optionalDependencies": {
        "xml-js": "^1.6.11"
      }
    },
    "node_modules/xml-js": {
      "version": "1.6.11",
      "resolved": "https://registry.npmjs.org/xml-js/-/xml-js-1.6.11.tgz",
      "integrity": "sha512-7rVi2KMfwfWFl+GpPg6m80IVMWXLRjO+PxTq7V2CDhoGak0wzYzFgUY2m4XJ47OGdXd8eLE8EmwfAmdjw7lC1g==",
      "optional": true,
      "dependencies": {
        "sax": "^1.2.4"
      },
      "bin": {
        "xml-js": "bin/cli.js"
      }
    }
  }
}
